
Microsoft Visual Studio Solution File, Format Version 12.00
# Visual Studio Version 17
VisualStudioVersion = 17.0.31903.59
MinimumVisualStudioVersion = 10.0.40219.1
Project("{FAE04EC0-301F-11D3-BF4B-00C04F79EFBC}") = "GameDbDemo", "GameDbDemo\GameDbDemo.csproj", "{C382D782-CC99-41E4-BBB2-D46F7224FFBE}"
EndProject
Project("{FAE04EC0-301F-11D3-BF4B-00C04F79EFBC}") = "MrH.Console.Tools", "MrH.Console.Tools\MrH.Console.Tools.csproj", "{4A1F6804-E852-484A-82AC-9FA80F6CA1BE}"
EndProject
Global
	GlobalSection(SolutionConfigurationPlatforms) = preSolution
		Debug|Any CPU = Debug|Any CPU
		Debug|x64 = Debug|x64
		Debug|x86 = Debug|x86
		Release|Any CPU = Release|Any CPU
		Release|x64 = Release|x64
		Release|x86 = Release|x86
	EndGlobalSection
	GlobalSection(ProjectConfigurationPlatforms) = postSolution
		{C382D782-CC99-41E4-BBB2-D46F7224FFBE}.Debug|Any CPU.ActiveCfg = Debug|Any CPU
		{C382D782-CC99-41E4-BBB2-D46F7224FFBE}.Debug|Any CPU.Build.0 = Debug|Any CPU
		{C382D782-CC99-41E4-BBB2-D46F7224FFBE}.Debug|x64.ActiveCfg = Debug|Any CPU
		{C382D782-CC99-41E4-BBB2-D46F7224FFBE}.Debug|x64.Build.0 = Debug|Any CPU
		{C382D782-CC99-41E4-BBB2-D46F7224FFBE}.Debug|x86.ActiveCfg = Debug|Any CPU
		{C382D782-CC99-41E4-BBB2-D46F7224FFBE}.Debug|x86.Build.0 = Debug|Any CPU
		{C382D782-CC99-41E4-BBB2-D46F7224FFBE}.Release|Any CPU.ActiveCfg = Release|Any CPU
		{C382D782-CC99-41E4-BBB2-D46F7224FFBE}.Release|Any CPU.Build.0 = Release|Any CPU
		{C382D782-CC99-41E4-BBB2-D46F7224FFBE}.Release|x64.ActiveCfg = Release|Any CPU
		{C382D782-CC99-41E4-BBB2-D46F7224FFBE}.Release|x64.Build.0 = Release|Any CPU
		{C382D782-CC99-41E4-BBB2-D46F7224FFBE}.Release|x86.ActiveCfg = Release|Any CPU
		{C382D782-CC99-41E4-BBB2-D46F7224FFBE}.Release|x86.Build.0 = Release|Any CPU
		{4A1F6804-E852-484A-82AC-9FA80F6CA1BE}.Debug|Any CPU.ActiveCfg = Debug|Any CPU
		{4A1F6804-E852-484A-82AC-9FA80F6CA1BE}.Debug|Any CPU.Build.0 = Debug|Any CPU
		{4A1F6804-E852-484A-82AC-9FA80F6CA1BE}.Debug|x64.ActiveCfg = Debug|Any CPU
		{4A1F6804-E852-484A-82AC-9FA80F6CA1BE}.Debug|x64.Build.0 = Debug|Any CPU
		{4A1F6804-E852-484A-82AC-9FA80F6CA1BE}.Debug|x86.ActiveCfg = Debug|Any CPU
		{4A1F6804-E852-484A-82AC-9FA80F6CA1BE}.Debug|x86.Build.0 = Debug|Any CPU
		{4A1F6804-E852-484A-82AC-9FA80F6CA1BE}.Release|Any CPU.ActiveCfg = Release|Any CPU
		{4A1F6804-E852-484A-82AC-9FA80F6CA1BE}.Release|Any CPU.Build.0 = Release|Any CPU
		{4A1F6804-E852-484A-82AC-9FA80F6CA1BE}.Release|x64.ActiveCfg = Release|Any CPU
		{4A1F6804-E852-484A-82AC-9FA80F6CA1BE}.Release|x64.Build.0 = Release|Any CPU
		{4A1F6804-E852-484A-82AC-9FA80F6CA1BE}.Release|x86.ActiveCfg = Release|Any CPU
		{4A1F6804-E852-484A-82AC-9FA80F6CA1BE}.Release|x86.Build.0 = Release|Any CPU
	EndGlobalSection
	GlobalSection(SolutionProperties) = preSolution
		HideSolutionNode = FALSE
	EndGlobalSection
EndGlobal
